{
  "dependencies": {
    "fibers": {
      "version": "1.0.0",
      "from": "fibers@1.0.0"
    },
    "mysql": {
      "version": "2.0.0-alpha7",
      "from": "mysql@2.0.0-alpha7",
      "dependencies": {
        "require-all": {
          "version": "0.0.3",
          "from": "require-all@0.0.3"
        },
        "bignumber.js": {
          "version": "1.0.1",
          "from": "bignumber.js@1.0.1"
        }
      }
    }
  }
}
